# This file is automatically @generated by Wally.
# It is not intended for manual editing.
registry = "test"

[[package]]
name = "azutreo/new-chat-controller"
version = "1.0.0"
dependencies = [["Knit", "sleitnick/knit@1.4.5"]]

[[package]]
name = "evaera/promise"
version = "4.0.0"
dependencies = []

[[package]]
name = "sleitnick/comm"
version = "0.2.3"
dependencies = [["Option", "sleitnick/option@1.0.3"], ["Promise", "evaera/promise@4.0.0"], ["Signal", "sleitnick/signal@1.1.0"]]

[[package]]
name = "sleitnick/knit"
version = "1.4.5"
dependencies = [["Comm", "sleitnick/comm@0.2.3"], ["Promise", "evaera/promise@4.0.0"]]

[[package]]
name = "sleitnick/option"
version = "1.0.3"
dependencies = []

[[package]]
name = "sleitnick/signal"
version = "1.1.0"
dependencies = []
